// !$*UTF8*$!
{
	archiveVersion = 1;
	classes = {
	};
	objectVersion = 46;
	objects = {

/* Begin PBXBuildFile section */
		1D3005B21EA5F4380077AD17 /* Functions.swift in Sources */ = {isa = PBXBuildFile; fileRef = 1D3005B11EA5F4380077AD17 /* Functions.swift */; };
		1D91EB1F1EA48A0C003A013C /* String Code.swift in Sources */ = {isa = PBXBuildFile; fileRef = 1D91EB1E1EA48A0C003A013C /* String Code.swift */; };
		1DDC16731E519C20005A39AC /* AppDelegate.swift in Sources */ = {isa = PBXBuildFile; fileRef = 1DDC16721E519C20005A39AC /* AppDelegate.swift */; };
		1DDC16781E519C20005A39AC /* Main.storyboard in Resources */ = {isa = PBXBuildFile; fileRef = 1DDC16761E519C20005A39AC /* Main.storyboard */; };
		1DDC167A1E519C20005A39AC /* Assets.xcassets in Resources */ = {isa = PBXBuildFile; fileRef = 1DDC16791E519C20005A39AC /* Assets.xcassets */; };
		1DDC167D1E519C20005A39AC /* LaunchScreen.storyboard in Resources */ = {isa = PBXBuildFile; fileRef = 1DDC167B1E519C20005A39AC /* LaunchScreen.storyboard */; };
		1DDC16871E519C6C005A39AC /* NavBar Code.swift in Sources */ = {isa = PBXBuildFile; fileRef = 1DDC16861E519C6C005A39AC /* NavBar Code.swift */; };
		1DDC16891E519DF0005A39AC /* TextField Code.swift in Sources */ = {isa = PBXBuildFile; fileRef = 1DDC16881E519DF0005A39AC /* TextField Code.swift */; };
		1DDC168B1E519E6A005A39AC /* Segue Code.swift in Sources */ = {isa = PBXBuildFile; fileRef = 1DDC168A1E519E6A005A39AC /* Segue Code.swift */; };
		1DDC168D1E519EE1005A39AC /* Button Code.swift in Sources */ = {isa = PBXBuildFile; fileRef = 1DDC168C1E519EE1005A39AC /* Button Code.swift */; };
		29A911FA1EA82ECD003FFB3A /* Guard vs If Let.swift in Sources */ = {isa = PBXBuildFile; fileRef = 29A911F91EA82ECD003FFB3A /* Guard vs If Let.swift */; };
/* End PBXBuildFile section */

/* Begin PBXFileReference section */
		1D3005B11EA5F4380077AD17 /* Functions.swift */ = {isa = PBXFileReference; fileEncoding = 4; lastKnownFileType = sourcecode.swift; path = Functions.swift; sourceTree = "<group>"; };
		1D91EB1E1EA48A0C003A013C /* String Code.swift */ = {isa = PBXFileReference; fileEncoding = 4; lastKnownFileType = sourcecode.swift; path = "String Code.swift"; sourceTree = "<group>"; };
		1DDC166F1E519C20005A39AC /* MyCodeLibrary.app */ = {isa = PBXFileReference; explicitFileType = wrapper.application; includeInIndex = 0; path = MyCodeLibrary.app; sourceTree = BUILT_PRODUCTS_DIR; };
		1DDC16721E519C20005A39AC /* AppDelegate.swift */ = {isa = PBXFileReference; lastKnownFileType = sourcecode.swift; path = AppDelegate.swift; sourceTree = "<group>"; };
		1DDC16771E519C20005A39AC /* Base */ = {isa = PBXFileReference; lastKnownFileType = file.storyboard; name = Base; path = Base.lproj/Main.storyboard; sourceTree = "<group>"; };
		1DDC16791E519C20005A39AC /* Assets.xcassets */ = {isa = PBXFileReference; lastKnownFileType = folder.assetcatalog; path = Assets.xcassets; sourceTree = "<group>"; };
		1DDC167C1E519C20005A39AC /* Base */ = {isa = PBXFileReference; lastKnownFileType = file.storyboard; name = Base; path = Base.lproj/LaunchScreen.storyboard; sourceTree = "<group>"; };
		1DDC167E1E519C20005A39AC /* Info.plist */ = {isa = PBXFileReference; lastKnownFileType = text.plist.xml; path = Info.plist; sourceTree = "<group>"; };
		1DDC16861E519C6C005A39AC /* NavBar Code.swift */ = {isa = PBXFileReference; fileEncoding = 4; lastKnownFileType = sourcecode.swift; path = "NavBar Code.swift"; sourceTree = "<group>"; };
		1DDC16881E519DF0005A39AC /* TextField Code.swift */ = {isa = PBXFileReference; fileEncoding = 4; lastKnownFileType = sourcecode.swift; path = "TextField Code.swift"; sourceTree = "<group>"; };
		1DDC168A1E519E6A005A39AC /* Segue Code.swift */ = {isa = PBXFileReference; fileEncoding = 4; lastKnownFileType = sourcecode.swift; path = "Segue Code.swift"; sourceTree = "<group>"; };
		1DDC168C1E519EE1005A39AC /* Button Code.swift */ = {isa = PBXFileReference; fileEncoding = 4; lastKnownFileType = sourcecode.swift; path = "Button Code.swift"; sourceTree = "<group>"; };
		29A911F91EA82ECD003FFB3A /* Guard vs If Let.swift */ = {isa = PBXFileReference; fileEncoding = 4; lastKnownFileType = sourcecode.swift; path = "Guard vs If Let.swift"; sourceTree = "<group>"; };
/* End PBXFileReference section */

/* Begin PBXFrameworksBuildPhase section */
		1DDC166C1E519C20005A39AC /* Frameworks */ = {
			isa = PBXFrameworksBuildPhase;
			buildActionMask = 2147483647;
			files = (
			);
			runOnlyForDeploymentPostprocessing = 0;
		};
/* End PBXFrameworksBuildPhase section */

/* Begin PBXGroup section */
		1DDC16661E519C20005A39AC = {
			isa = PBXGroup;
			children = (
				1DDC16711E519C20005A39AC /* MyCodeLibrary */,
				1DDC16701E519C20005A39AC /* Products */,
			);
			sourceTree = "<group>";
		};
		1DDC16701E519C20005A39AC /* Products */ = {
			isa = PBXGroup;
			children = (
				1DDC166F1E519C20005A39AC /* MyCodeLibrary.app */,
			);
			name = Products;
			sourceTree = "<group>";
		};
		1DDC16711E519C20005A39AC /* MyCodeLibrary */ = {
			isa = PBXGroup;
			children = (
				1DDC16841E519C2C005A39AC /* Code Groups */,
				1DDC16851E519C3D005A39AC /* Everything Else */,
			);
			path = MyCodeLibrary;
			sourceTree = "<group>";
		};
		1DDC16841E519C2C005A39AC /* Code Groups */ = {
			isa = PBXGroup;
			children = (
				1DDC16861E519C6C005A39AC /* NavBar Code.swift */,
				1DDC16881E519DF0005A39AC /* TextField Code.swift */,
				1DDC168A1E519E6A005A39AC /* Segue Code.swift */,
				1DDC168C1E519EE1005A39AC /* Button Code.swift */,
				1D91EB1E1EA48A0C003A013C /* String Code.swift */,
				1D3005B11EA5F4380077AD17 /* Functions.swift */,
				29A911F91EA82ECD003FFB3A /* Guard vs If Let.swift */,
			);
			name = "Code Groups";
			sourceTree = "<group>";
		};
		1DDC16851E519C3D005A39AC /* Everything Else */ = {
			isa = PBXGroup;
			children = (
				1DDC16721E519C20005A39AC /* AppDelegate.swift */,
				1DDC16761E519C20005A39AC /* Main.storyboard */,
				1DDC16791E519C20005A39AC /* Assets.xcassets */,
				1DDC167B1E519C20005A39AC /* LaunchScreen.storyboard */,
				1DDC167E1E519C20005A39AC /* Info.plist */,
			);
			name = "Everything Else";
			sourceTree = "<group>";
		};
/* End PBXGroup section */

/* Begin PBXNativeTarget section */
		1DDC166E1E519C20005A39AC /* MyCodeLibrary */ = {
			isa = PBXNativeTarget;
			buildConfigurationList = 1DDC16811E519C20005A39AC /* Build configuration list for PBXNativeTarget "MyCodeLibrary" */;
			buildPhases = (
				1DDC166B1E519C20005A39AC /* Sources */,
				1DDC166C1E519C20005A39AC /* Frameworks */,
				1DDC166D1E519C20005A39AC /* Resources */,
			);
			buildRules = (
			);
			dependencies = (
			);
			name = MyCodeLibrary;
			productName = MyCodeLibrary;
			productReference = 1DDC166F1E519C20005A39AC /* MyCodeLibrary.app */;
			productType = "com.apple.product-type.application";
		};
/* End PBXNativeTarget section */

/* Begin PBXProject section */
		1DDC16671E519C20005A39AC /* Project object */ = {
			isa = PBXProject;
			attributes = {
				LastSwiftUpdateCheck = 0820;
				LastUpgradeCheck = 0820;
				ORGANIZATIONNAME = "Matthew Singleton";
				TargetAttributes = {
					1DDC166E1E519C20005A39AC = {
						CreatedOnToolsVersion = 8.2.1;
						DevelopmentTeam = K8YZSQZRNW;
						ProvisioningStyle = Automatic;
					};
				};
			};
			buildConfigurationList = 1DDC166A1E519C20005A39AC /* Build configuration list for PBXProject "MyCodeLibrary" */;
			compatibilityVersion = "Xcode 3.2";
			developmentRegion = English;
			hasScannedForEncodings = 0;
			knownRegions = (
				en,
				Base,
			);
			mainGroup = 1DDC16661E519C20005A39AC;
			productRefGroup = 1DDC16701E519C20005A39AC /* Products */;
			projectDirPath = "";
			projectRoot = "";
			targets = (
				1DDC166E1E519C20005A39AC /* MyCodeLibrary */,
			);
		};
/* End PBXProject section */

/* Begin PBXResourcesBuildPhase section */
		1DDC166D1E519C20005A39AC /* Resources */ = {
			isa = PBXResourcesBuildPhase;
			buildActionMask = 2147483647;
			files = (
				1DDC167D1E519C20005A39AC /* LaunchScreen.storyboard in Resources */,
				1DDC167A1E519C20005A39AC /* Assets.xcassets in Resources */,
				1DDC16781E519C20005A39AC /* Main.storyboard in Resources */,
			);
			runOnlyForDeploymentPostprocessing = 0;
		};
/* End PBXResourcesBuildPhase section */

/* Begin PBXSourcesBuildPhase section */
		1DDC166B1E519C20005A39AC /* Sources */ = {
			isa = PBXSourcesBuildPhase;
			buildActionMask = 2147483647;
			files = (
				29A911FA1EA82ECD003FFB3A /* Guard vs If Let.swift in Sources */,
				1DDC168D1E519EE1005A39AC /* Button Code.swift in Sources */,
				1DDC16891E519DF0005A39AC /* TextField Code.swift in Sources */,
				1D91EB1F1EA48A0C003A013C /* String Code.swift in Sources */,
				1D3005B21EA5F4380077AD17 /* Functions.swift in Sources */,
				1DDC16731E519C20005A39AC /* AppDelegate.swift in Sources */,
				1DDC16871E519C6C005A39AC /* NavBar Code.swift in Sources */,
				1DDC168B1E519E6A005A39AC /* Segue Code.swift in Sources */,
			);
			runOnlyForDeploymentPostprocessing = 0;
		};
/* End PBXSourcesBuildPhase section */

/* Begin PBXVariantGroup section */
		1DDC16761E519C20005A39AC /* Main.storyboard */ = {
			isa = PBXVariantGroup;
			children = (
				1DDC16771E519C20005A39AC /* Base */,
			);
			name = Main.storyboard;
			sourceTree = "<group>";
		};
		1DDC167B1E519C20005A39AC /* LaunchScreen.storyboard */ = {
			isa = PBXVariantGroup;
			children = (
				1DDC167C1E519C20005A39AC /* Base */,
			);
			name = LaunchScreen.storyboard;
			sourceTree = "<group>";
		};
/* End PBXVariantGroup section */

/* Begin XCBuildConfiguration section */
		1DDC167F1E519C20005A39AC /* Debug */ = {
			isa = XCBuildConfiguration;
			buildSettings = {
				ALWAYS_SEARCH_USER_PATHS = NO;
				CLANG_ANALYZER_NONNULL = YES;
				CLANG_CXX_LANGUAGE_STANDARD = "gnu++0x";
				CLANG_CXX_LIBRARY = "libc++";
				CLANG_ENABLE_MODULES = YES;
				CLANG_ENABLE_OBJC_ARC = YES;
				CLANG_WARN_BOOL_CONVERSION = YES;
				CLANG_WARN_CONSTANT_CONVERSION = YES;
				CLANG_WARN_DIRECT_OBJC_ISA_USAGE = YES_ERROR;
				CLANG_WARN_DOCUMENTATION_COMMENTS = YES;
				CLANG_WARN_EMPTY_BODY = YES;
				CLANG_WARN_ENUM_CONVERSION = YES;
				CLANG_WARN_INFINITE_RECURSION = YES;
				CLANG_WARN_INT_CONVERSION = YES;
				CLANG_WARN_OBJC_ROOT_CLASS = YES_ERROR;
				CLANG_WARN_SUSPICIOUS_MOVE = YES;
				CLANG_WARN_UNREACHABLE_CODE = YES;
				CLANG_WARN__DUPLICATE_METHOD_MATCH = YES;
				"CODE_SIGN_IDENTITY[sdk=iphoneos*]" = "iPhone Developer";
				COPY_PHASE_STRIP = NO;
				DEBUG_INFORMATION_FORMAT = dwarf;
				ENABLE_STRICT_OBJC_MSGSEND = YES;
				ENABLE_TESTABILITY = YES;
				GCC_C_LANGUAGE_STANDARD = gnu99;
				GCC_DYNAMIC_NO_PIC = NO;
				GCC_NO_COMMON_BLOCKS = YES;
				GCC_OPTIMIZATION_LEVEL = 0;
				GCC_PREPROCESSOR_DEFINITIONS = (
					"DEBUG=1",
					"$(inherited)",
				);
				GCC_WARN_64_TO_32_BIT_CONVERSION = YES;
				GCC_WARN_ABOUT_RETURN_TYPE = YES_ERROR;
				GCC_WARN_UNDECLARED_SELECTOR = YES;
				GCC_WARN_UNINITIALIZED_AUTOS = YES_AGGRESSIVE;
				GCC_WARN_UNUSED_FUNCTION = YES;
				GCC_WARN_UNUSED_VARIABLE = YES;
				IPHONEOS_DEPLOYMENT_TARGET = 10.2;
				MTL_ENABLE_DEBUG_INFO = YES;
				ONLY_ACTIVE_ARCH = YES;
				SDKROOT = iphoneos;
				SWIFT_ACTIVE_COMPILATION_CONDITIONS = DEBUG;
				SWIFT_OPTIMIZATION_LEVEL = "-Onone";
			};
			name = Debug;
		};
		1DDC16801E519C20005A39AC /* Release */ = {
			isa = XCBuildConfiguration;
			buildSettings = {
				ALWAYS_SEARCH_USER_PATHS = NO;
				CLANG_ANALYZER_NONNULL = YES;
				CLANG_CXX_LANGUAGE_STANDARD = "gnu++0x";
				CLANG_CXX_LIBRARY = "libc++";
				CLANG_ENABLE_MODULES = YES;
				CLANG_ENABLE_OBJC_ARC = YES;
				CLANG_WARN_BOOL_CONVERSION = YES;
				CLANG_WARN_CONSTANT_CONVERSION = YES;
				CLANG_WARN_DIRECT_OBJC_ISA_USAGE = YES_ERROR;
				CLANG_WARN_DOCUMENTATION_COMMENTS = YES;
				CLANG_WARN_EMPTY_BODY = YES;
				CLANG_WARN_ENUM_CONVERSION = YES;
				CLANG_WARN_INFINITE_RECURSION = YES;
				CLANG_WARN_INT_CONVERSION = YES;
				CLANG_WARN_OBJC_ROOT_CLASS = YES_ERROR;
				CLANG_WARN_SUSPICIOUS_MOVE = YES;
				CLANG_WARN_UNREACHABLE_CODE = YES;
				CLANG_WARN__DUPLICATE_METHOD_MATCH = YES;
				"CODE_SIGN_IDENTITY[sdk=iphoneos*]" = "iPhone Developer";
				COPY_PHASE_STRIP = NO;
				DEBUG_INFORMATION_FORMAT = "dwarf-with-dsym";
				ENABLE_NS_ASSERTIONS = NO;
				ENABLE_STRICT_OBJC_MSGSEND = YES;
				GCC_C_LANGUAGE_STANDARD = gnu99;
				GCC_NO_COMMON_BLOCKS = YES;
				GCC_WARN_64_TO_32_BIT_CONVERSION = YES;
				GCC_WARN_ABOUT_RETURN_TYPE = YES_ERROR;
				GCC_WARN_UNDECLARED_SELECTOR = YES;
				GCC_WARN_UNINITIALIZED_AUTOS = YES_AGGRESSIVE;
				GCC_WARN_UNUSED_FUNCTION = YES;
				GCC_WARN_UNUSED_VARIABLE = YES;
				IPHONEOS_DEPLOYMENT_TARGET = 10.2;
				MTL_ENABLE_DEBUG_INFO = NO;
				SDKROOT = iphoneos;
				SWIFT_OPTIMIZATION_LEVEL = "-Owholemodule";
				VALIDATE_PRODUCT = YES;
			};
			name = Release;
		};
		1DDC16821E519C20005A39AC /* Debug */ = {
			isa = XCBuildConfiguration;
			buildSettings = {
				ASSETCATALOG_COMPILER_APPICON_NAME = AppIcon;
				DEVELOPMENT_TEAM = K8YZSQZRNW;
				INFOPLIST_FILE = MyCodeLibrary/Info.plist;
				LD_RUNPATH_SEARCH_PATHS = "$(inherited) @executable_path/Frameworks";
				PRODUCT_BUNDLE_IDENTIFIER = com.matthewhsingleton.MyCodeLibrary;
				PRODUCT_NAME = "$(TARGET_NAME)";
				SWIFT_VERSION = 3.0;
			};
			name = Debug;
		};
		1DDC16831E519C20005A39AC /* Release */ = {
			isa = XCBuildConfiguration;
			buildSettings = {
				ASSETCATALOG_COMPILER_APPICON_NAME = AppIcon;
				DEVELOPMENT_TEAM = K8YZSQZRNW;
				INFOPLIST_FILE = MyCodeLibrary/Info.plist;
				LD_RUNPATH_SEARCH_PATHS = "$(inherited) @executable_path/Frameworks";
				PRODUCT_BUNDLE_IDENTIFIER = com.matthewhsingleton.MyCodeLibrary;
				PRODUCT_NAME = "$(TARGET_NAME)";
				SWIFT_VERSION = 3.0;
			};
			name = Release;
		};
/* End XCBuildConfiguration section */

/* Begin XCConfigurationList section */
		1DDC166A1E519C20005A39AC /* Build configuration list for PBXProject "MyCodeLibrary" */ = {
			isa = XCConfigurationList;
			buildConfigurations = (
				1DDC167F1E519C20005A39AC /* Debug */,
				1DDC16801E519C20005A39AC /* Release */,
			);
			defaultConfigurationIsVisible = 0;
			defaultConfigurationName = Release;
		};
		1DDC16811E519C20005A39AC /* Build configuration list for PBXNativeTarget "MyCodeLibrary" */ = {
			isa = XCConfigurationList;
			buildConfigurations = (
				1DDC16821E519C20005A39AC /* Debug */,
				1DDC16831E519C20005A39AC /* Release */,
			);
			defaultConfigurationIsVisible = 0;
			defaultConfigurationName = Release;
		};
/* End XCConfigurationList section */
	};
	rootObject = 1DDC16671E519C20005A39AC /* Project object */;
}
